
Microsoft Visual Studio Solution File, Format Version 12.00
# Visual Studio Version 17
VisualStudioVersion = 17.4.33103.184
MinimumVisualStudioVersion = 10.0.40219.1
Project("{FAE04EC0-301F-11D3-BF4B-00C04F79EFBC}") = "Nebula.Demo", "Nebula.Demo\Nebula.Demo.csproj", "{FF175816-75CB-49AF-B8E6-9FF7ADF4D2CA}"
EndProject
Global
	GlobalSection(SolutionConfigurationPlatforms) = preSolution
		Debug|Any CPU = Debug|Any CPU
		Release|Any CPU = Release|Any CPU
	EndGlobalSection
	GlobalSection(ProjectConfigurationPlatforms) = postSolution
		{FF175816-75CB-49AF-B8E6-9FF7ADF4D2CA}.Debug|Any CPU.ActiveCfg = Debug|Any CPU
		{FF175816-75CB-49AF-B8E6-9FF7ADF4D2CA}.Debug|Any CPU.Build.0 = Debug|Any CPU
		{FF175816-75CB-49AF-B8E6-9FF7ADF4D2CA}.Release|Any CPU.ActiveCfg = Release|Any CPU
		{FF175816-75CB-49AF-B8E6-9FF7ADF4D2CA}.Release|Any CPU.Build.0 = Release|Any CPU
	EndGlobalSection
	GlobalSection(SolutionProperties) = preSolution
		HideSolutionNode = FALSE
	EndGlobalSection
	GlobalSection(ExtensibilityGlobals) = postSolution
		SolutionGuid = {DE2BDF41-DC6F-4764-8CA4-79578520767D}
	EndGlobalSection
EndGlobal
